
Microsoft Visual Studio Solution File, Format Version 12.00
# Visual Studio Version 16
VisualStudioVersion = 16.0.30128.74
MinimumVisualStudioVersion = 10.0.40219.1
Project("{FAE04EC0-301F-11D3-BF4B-00C04F79EFBC}") = "CredNet", "CredNet\CredNet.csproj", "{A1BCD92A-1005-4068-867C-050698258EB3}"
EndProject
Project("{2150E333-8FDC-42A3-9474-1A3956D46DE8}") = "Samples", "Samples", "{8FD9C71C-60A8-4867-A76E-978D2400ABB1}"
EndProject
Project("{FAE04EC0-301F-11D3-BF4B-00C04F79EFBC}") = "CredNet.Sample", "CredNet.Sample\CredNet.Sample.csproj", "{473509C0-3242-4AE6-87FB-5FAD1B079728}"
EndProject
Global
	GlobalSection(SolutionConfigurationPlatforms) = preSolution
		Debug|Any CPU = Debug|Any CPU
		Release|Any CPU = Release|Any CPU
	EndGlobalSection
	GlobalSection(ProjectConfigurationPlatforms) = postSolution
		{A1BCD92A-1005-4068-867C-050698258EB3}.Debug|Any CPU.ActiveCfg = Debug|Any CPU
		{A1BCD92A-1005-4068-867C-050698258EB3}.Debug|Any CPU.Build.0 = Debug|Any CPU
		{A1BCD92A-1005-4068-867C-050698258EB3}.Release|Any CPU.ActiveCfg = Release|Any CPU
		{A1BCD92A-1005-4068-867C-050698258EB3}.Release|Any CPU.Build.0 = Release|Any CPU
		{473509C0-3242-4AE6-87FB-5FAD1B079728}.Debug|Any CPU.ActiveCfg = Debug|Any CPU
		{473509C0-3242-4AE6-87FB-5FAD1B079728}.Debug|Any CPU.Build.0 = Debug|Any CPU
		{473509C0-3242-4AE6-87FB-5FAD1B079728}.Release|Any CPU.ActiveCfg = Release|Any CPU
		{473509C0-3242-4AE6-87FB-5FAD1B079728}.Release|Any CPU.Build.0 = Release|Any CPU
	EndGlobalSection
	GlobalSection(SolutionProperties) = preSolution
		HideSolutionNode = FALSE
	EndGlobalSection
	GlobalSection(NestedProjects) = preSolution
		{473509C0-3242-4AE6-87FB-5FAD1B079728} = {8FD9C71C-60A8-4867-A76E-978D2400ABB1}
	EndGlobalSection
	GlobalSection(ExtensibilityGlobals) = postSolution
		SolutionGuid = {1332FD0F-8E6B-4F4B-BFC2-A631A3F1A712}
	EndGlobalSection
EndGlobal
